
Microsoft Visual Studio Solution File, Format Version 12.00
# Visual Studio Version 17
VisualStudioVersion = 17.9.34728.123
MinimumVisualStudioVersion = 10.0.40219.1
Project("{FAE04EC0-301F-11D3-BF4B-00C04F79EFBC}") = "WizardStocks", "WizardStocks.csproj", "{99D43F4C-43E1-42A9-98E1-9C7AE635819A}"
EndProject
Global
	GlobalSection(SolutionConfigurationPlatforms) = preSolution
		Debug|Any CPU = Debug|Any CPU
		Release|Any CPU = Release|Any CPU
	EndGlobalSection
	GlobalSection(ProjectConfigurationPlatforms) = postSolution
		{99D43F4C-43E1-42A9-98E1-9C7AE635819A}.Debug|Any CPU.ActiveCfg = Debug|Any CPU
		{99D43F4C-43E1-42A9-98E1-9C7AE635819A}.Debug|Any CPU.Build.0 = Debug|Any CPU
		{99D43F4C-43E1-42A9-98E1-9C7AE635819A}.Release|Any CPU.ActiveCfg = Release|Any CPU
		{99D43F4C-43E1-42A9-98E1-9C7AE635819A}.Release|Any CPU.Build.0 = Release|Any CPU
	EndGlobalSection
	GlobalSection(SolutionProperties) = preSolution
		HideSolutionNode = FALSE
	EndGlobalSection
	GlobalSection(ExtensibilityGlobals) = postSolution
		SolutionGuid = {7E37A713-0DF6-446C-B6B6-FA4E8D0CA9B0}
	EndGlobalSection
EndGlobal
